// !$*UTF8*$!
{
	archiveVersion = 1;
	classes = {
	};
	objectVersion = 46;
	objects = {

/* Begin PBXBuildFile section */
		4224329219180F3A00AF9488 /* GTMOAuth2Authentication.m in Sources */ = {isa = PBXBuildFile; fileRef = 4224328F19180F3A00AF9488 /* GTMOAuth2Authentication.m */; settings = {COMPILER_FLAGS = "-fno-objc-arc"; }; };
		4224329319180F3A00AF9488 /* GTMOAuth2SignIn.m in Sources */ = {isa = PBXBuildFile; fileRef = 4224329119180F3A00AF9488 /* GTMOAuth2SignIn.m */; settings = {COMPILER_FLAGS = "-fno-objc-arc"; }; };
		4224329819180F4800AF9488 /* GTMOAuth2ViewControllerTouch.m in Sources */ = {isa = PBXBuildFile; fileRef = 4224329619180F4800AF9488 /* GTMOAuth2ViewControllerTouch.m */; settings = {COMPILER_FLAGS = "-fno-objc-arc"; }; };
		4224329919180F4800AF9488 /* GTMOAuth2ViewTouch.xib in Resources */ = {isa = PBXBuildFile; fileRef = 4224329719180F4800AF9488 /* GTMOAuth2ViewTouch.xib */; };
		4224329D19180F9400AF9488 /* GTMHTTPFetcher.m in Sources */ = {isa = PBXBuildFile; fileRef = 4224329C19180F9400AF9488 /* GTMHTTPFetcher.m */; settings = {COMPILER_FLAGS = "-fno-objc-arc"; }; };
		422432D41918109700AF9488 /* GTLCalendarAcl.m in Sources */ = {isa = PBXBuildFile; fileRef = 422432A21918109700AF9488 /* GTLCalendarAcl.m */; };
		422432D51918109700AF9488 /* GTLCalendarAclRule.m in Sources */ = {isa = PBXBuildFile; fileRef = 422432A41918109700AF9488 /* GTLCalendarAclRule.m */; };
		422432D61918109700AF9488 /* GTLCalendarCalendar.m in Sources */ = {isa = PBXBuildFile; fileRef = 422432A61918109700AF9488 /* GTLCalendarCalendar.m */; };
		422432D71918109700AF9488 /* GTLCalendarCalendarList.m in Sources */ = {isa = PBXBuildFile; fileRef = 422432A81918109700AF9488 /* GTLCalendarCalendarList.m */; };
		422432D81918109700AF9488 /* GTLCalendarCalendarListEntry.m in Sources */ = {isa = PBXBuildFile; fileRef = 422432AA1918109700AF9488 /* GTLCalendarCalendarListEntry.m */; };
		422432D91918109700AF9488 /* GTLCalendarChannel.m in Sources */ = {isa = PBXBuildFile; fileRef = 422432AC1918109700AF9488 /* GTLCalendarChannel.m */; };
		422432DA1918109700AF9488 /* GTLCalendarColorDefinition.m in Sources */ = {isa = PBXBuildFile; fileRef = 422432AE1918109700AF9488 /* GTLCalendarColorDefinition.m */; };
		422432DB1918109700AF9488 /* GTLCalendarColors.m in Sources */ = {isa = PBXBuildFile; fileRef = 422432B01918109700AF9488 /* GTLCalendarColors.m */; };
		422432DC1918109700AF9488 /* GTLCalendarConstants.m in Sources */ = {isa = PBXBuildFile; fileRef = 422432B21918109700AF9488 /* GTLCalendarConstants.m */; };
		422432DD1918109700AF9488 /* GTLCalendarError.m in Sources */ = {isa = PBXBuildFile; fileRef = 422432B41918109700AF9488 /* GTLCalendarError.m */; };
		422432DE1918109700AF9488 /* GTLCalendarEvent.m in Sources */ = {isa = PBXBuildFile; fileRef = 422432B61918109700AF9488 /* GTLCalendarEvent.m */; };
		422432DF1918109700AF9488 /* GTLCalendarEventAttendee.m in Sources */ = {isa = PBXBuildFile; fileRef = 422432B81918109700AF9488 /* GTLCalendarEventAttendee.m */; };
		422432E01918109700AF9488 /* GTLCalendarEventDateTime.m in Sources */ = {isa = PBXBuildFile; fileRef = 422432BA1918109700AF9488 /* GTLCalendarEventDateTime.m */; };
		422432E11918109700AF9488 /* GTLCalendarEventReminder.m in Sources */ = {isa = PBXBuildFile; fileRef = 422432BC1918109700AF9488 /* GTLCalendarEventReminder.m */; };
		422432E21918109700AF9488 /* GTLCalendarEvents.m in Sources */ = {isa = PBXBuildFile; fileRef = 422432BE1918109700AF9488 /* GTLCalendarEvents.m */; };
		422432E31918109700AF9488 /* GTLCalendarFreeBusyCalendar.m in Sources */ = {isa = PBXBuildFile; fileRef = 422432C01918109700AF9488 /* GTLCalendarFreeBusyCalendar.m */; };
		422432E41918109700AF9488 /* GTLCalendarFreeBusyGroup.m in Sources */ = {isa = PBXBuildFile; fileRef = 422432C21918109700AF9488 /* GTLCalendarFreeBusyGroup.m */; };
		422432E51918109700AF9488 /* GTLCalendarFreeBusyRequestItem.m in Sources */ = {isa = PBXBuildFile; fileRef = 422432C41918109700AF9488 /* GTLCalendarFreeBusyRequestItem.m */; };
		422432E61918109700AF9488 /* GTLCalendarFreeBusyResponse.m in Sources */ = {isa = PBXBuildFile; fileRef = 422432C61918109700AF9488 /* GTLCalendarFreeBusyResponse.m */; };
		422432E71918109700AF9488 /* GTLCalendarNotification.m in Sources */ = {isa = PBXBuildFile; fileRef = 422432C81918109700AF9488 /* GTLCalendarNotification.m */; };
		422432E81918109700AF9488 /* GTLCalendarSetting.m in Sources */ = {isa = PBXBuildFile; fileRef = 422432CA1918109700AF9488 /* GTLCalendarSetting.m */; };
		422432E91918109700AF9488 /* GTLCalendarSettings.m in Sources */ = {isa = PBXBuildFile; fileRef = 422432CC1918109700AF9488 /* GTLCalendarSettings.m */; };
		422432EA1918109700AF9488 /* GTLCalendarTimePeriod.m in Sources */ = {isa = PBXBuildFile; fileRef = 422432CE1918109700AF9488 /* GTLCalendarTimePeriod.m */; };
		422432EB1918109700AF9488 /* GTLQueryCalendar.m in Sources */ = {isa = PBXBuildFile; fileRef = 422432D01918109700AF9488 /* GTLQueryCalendar.m */; };
		422432EC1918109700AF9488 /* GTLServiceCalendar.m in Sources */ = {isa = PBXBuildFile; fileRef = 422432D21918109700AF9488 /* GTLServiceCalendar.m */; settings = {COMPILER_FLAGS = "-fno-objc-arc"; }; };
		422432F0191810BC00AF9488 /* GTLObject.m in Sources */ = {isa = PBXBuildFile; fileRef = 422432EF191810BC00AF9488 /* GTLObject.m */; settings = {COMPILER_FLAGS = "-fno-objc-arc"; }; };
		422432F5191810F400AF9488 /* GTLUtilities.m in Sources */ = {isa = PBXBuildFile; fileRef = 422432F4191810F400AF9488 /* GTLUtilities.m */; settings = {COMPILER_FLAGS = "-fno-objc-arc"; }; };
		422432F81918113900AF9488 /* GTLDateTime.m in Sources */ = {isa = PBXBuildFile; fileRef = 422432F71918113900AF9488 /* GTLDateTime.m */; settings = {COMPILER_FLAGS = "-fno-objc-arc"; }; };
		422432FB1918114800AF9488 /* GTLRuntimeCommon.m in Sources */ = {isa = PBXBuildFile; fileRef = 422432FA1918114800AF9488 /* GTLRuntimeCommon.m */; settings = {COMPILER_FLAGS = "-fno-objc-arc"; }; };
		422432FE1918115600AF9488 /* GTLJSONParser.m in Sources */ = {isa = PBXBuildFile; fileRef = 422432FD1918115600AF9488 /* GTLJSONParser.m */; settings = {COMPILER_FLAGS = "-fno-objc-arc"; }; };
		422433011918116C00AF9488 /* GTLQuery.m in Sources */ = {isa = PBXBuildFile; fileRef = 422433001918116C00AF9488 /* GTLQuery.m */; settings = {COMPILER_FLAGS = "-fno-objc-arc"; }; };
		422433041918117E00AF9488 /* GTLUploadParameters.m in Sources */ = {isa = PBXBuildFile; fileRef = 422433031918117E00AF9488 /* GTLUploadParameters.m */; settings = {COMPILER_FLAGS = "-fno-objc-arc"; }; };
		42243307191811B500AF9488 /* GTLService.m in Sources */ = {isa = PBXBuildFile; fileRef = 42243306191811B500AF9488 /* GTLService.m */; settings = {COMPILER_FLAGS = "-fno-objc-arc"; }; };
		4224330A191811E600AF9488 /* GTMHTTPFetcherService.m in Sources */ = {isa = PBXBuildFile; fileRef = 42243309191811E600AF9488 /* GTMHTTPFetcherService.m */; settings = {COMPILER_FLAGS = "-fno-objc-arc"; }; };
		4224330D191811F300AF9488 /* GTMHTTPFetchHistory.m in Sources */ = {isa = PBXBuildFile; fileRef = 4224330C191811F300AF9488 /* GTMHTTPFetchHistory.m */; settings = {COMPILER_FLAGS = "-fno-objc-arc"; }; };
		422433101918120400AF9488 /* GTLBatchQuery.m in Sources */ = {isa = PBXBuildFile; fileRef = 4224330F1918120400AF9488 /* GTLBatchQuery.m */; settings = {COMPILER_FLAGS = "-fno-objc-arc"; }; };
		422433131918120F00AF9488 /* GTLBatchResult.m in Sources */ = {isa = PBXBuildFile; fileRef = 422433121918120F00AF9488 /* GTLBatchResult.m */; settings = {COMPILER_FLAGS = "-fno-objc-arc"; }; };
		422433161918121D00AF9488 /* GTLErrorObject.m in Sources */ = {isa = PBXBuildFile; fileRef = 422433151918121D00AF9488 /* GTLErrorObject.m */; };
		422433191918124800AF9488 /* GTLFramework.m in Sources */ = {isa = PBXBuildFile; fileRef = 422433181918124800AF9488 /* GTLFramework.m */; };
		426AF6BB1917F1B1006DC6D3 /* Security.framework in Frameworks */ = {isa = PBXBuildFile; fileRef = 426AF6BA1917F1B1006DC6D3 /* Security.framework */; };
		426AF6BD1917F1B9006DC6D3 /* SystemConfiguration.framework in Frameworks */ = {isa = PBXBuildFile; fileRef = 426AF6BC1917F1B9006DC6D3 /* SystemConfiguration.framework */; };
		42A542361917E33500D34B1D /* Foundation.framework in Frameworks */ = {isa = PBXBuildFile; fileRef = 42A542351917E33500D34B1D /* Foundation.framework */; };
		42A542381917E33500D34B1D /* CoreGraphics.framework in Frameworks */ = {isa = PBXBuildFile; fileRef = 42A542371917E33500D34B1D /* CoreGraphics.framework */; };
		42A5423A1917E33500D34B1D /* UIKit.framework in Frameworks */ = {isa = PBXBuildFile; fileRef = 42A542391917E33500D34B1D /* UIKit.framework */; };
		42A542401917E33500D34B1D /* InfoPlist.strings in Resources */ = {isa = PBXBuildFile; fileRef = 42A5423E1917E33500D34B1D /* InfoPlist.strings */; };
		42A542421917E33500D34B1D /* main.m in Sources */ = {isa = PBXBuildFile; fileRef = 42A542411917E33500D34B1D /* main.m */; };
		42A542461917E33500D34B1D /* BRAppDelegate.m in Sources */ = {isa = PBXBuildFile; fileRef = 42A542451917E33500D34B1D /* BRAppDelegate.m */; };
		42A542491917E33500D34B1D /* Main.storyboard in Resources */ = {isa = PBXBuildFile; fileRef = 42A542471917E33500D34B1D /* Main.storyboard */; };
		42A5424C1917E33500D34B1D /* BRHomeViewController.m in Sources */ = {isa = PBXBuildFile; fileRef = 42A5424B1917E33500D34B1D /* BRHomeViewController.m */; };
		42A5424E1917E33500D34B1D /* Images.xcassets in Resources */ = {isa = PBXBuildFile; fileRef = 42A5424D1917E33500D34B1D /* Images.xcassets */; };
		42A542551917E33500D34B1D /* XCTest.framework in Frameworks */ = {isa = PBXBuildFile; fileRef = 42A542541917E33500D34B1D /* XCTest.framework */; };
		42A542561917E33500D34B1D /* Foundation.framework in Frameworks */ = {isa = PBXBuildFile; fileRef = 42A542351917E33500D34B1D /* Foundation.framework */; };
		42A542571917E33500D34B1D /* UIKit.framework in Frameworks */ = {isa = PBXBuildFile; fileRef = 42A542391917E33500D34B1D /* UIKit.framework */; };
		42A5425F1917E33500D34B1D /* InfoPlist.strings in Resources */ = {isa = PBXBuildFile; fileRef = 42A5425D1917E33500D34B1D /* InfoPlist.strings */; };
		42A542611917E33500D34B1D /* Book_RoomTests.m in Sources */ = {isa = PBXBuildFile; fileRef = 42A542601917E33500D34B1D /* Book_RoomTests.m */; };
/* End PBXBuildFile section */

/* Begin PBXContainerItemProxy section */
		42A542581917E33500D34B1D /* PBXContainerItemProxy */ = {
			isa = PBXContainerItemProxy;
			containerPortal = 42A5422A1917E33500D34B1D /* Project object */;
			proxyType = 1;
			remoteGlobalIDString = 42A542311917E33500D34B1D;
			remoteInfo = "Book Room";
		};
/* End PBXContainerItemProxy section */

/* Begin PBXFileReference section */
		4224328E19180F3A00AF9488 /* GTMOAuth2Authentication.h */ = {isa = PBXFileReference; fileEncoding = 4; lastKnownFileType = sourcecode.c.h; path = GTMOAuth2Authentication.h; sourceTree = "<group>"; };
		4224328F19180F3A00AF9488 /* GTMOAuth2Authentication.m */ = {isa = PBXFileReference; fileEncoding = 4; lastKnownFileType = sourcecode.c.objc; path = GTMOAuth2Authentication.m; sourceTree = "<group>"; };
		4224329019180F3A00AF9488 /* GTMOAuth2SignIn.h */ = {isa = PBXFileReference; fileEncoding = 4; lastKnownFileType = sourcecode.c.h; path = GTMOAuth2SignIn.h; sourceTree = "<group>"; };
		4224329119180F3A00AF9488 /* GTMOAuth2SignIn.m */ = {isa = PBXFileReference; fileEncoding = 4; lastKnownFileType = sourcecode.c.objc; path = GTMOAuth2SignIn.m; sourceTree = "<group>"; };
		4224329519180F4800AF9488 /* GTMOAuth2ViewControllerTouch.h */ = {isa = PBXFileReference; fileEncoding = 4; lastKnownFileType = sourcecode.c.h; path = GTMOAuth2ViewControllerTouch.h; sourceTree = "<group>"; };
		4224329619180F4800AF9488 /* GTMOAuth2ViewControllerTouch.m */ = {isa = PBXFileReference; fileEncoding = 4; lastKnownFileType = sourcecode.c.objc; path = GTMOAuth2ViewControllerTouch.m; sourceTree = "<group>"; };
		4224329719180F4800AF9488 /* GTMOAuth2ViewTouch.xib */ = {isa = PBXFileReference; fileEncoding = 4; lastKnownFileType = file.xib; path = GTMOAuth2ViewTouch.xib; sourceTree = "<group>"; };
		4224329B19180F9400AF9488 /* GTMHTTPFetcher.h */ = {isa = PBXFileReference; fileEncoding = 4; lastKnownFileType = sourcecode.c.h; path = GTMHTTPFetcher.h; sourceTree = "<group>"; };
		4224329C19180F9400AF9488 /* GTMHTTPFetcher.m */ = {isa = PBXFileReference; fileEncoding = 4; lastKnownFileType = sourcecode.c.objc; path = GTMHTTPFetcher.m; sourceTree = "<group>"; };
		422432A01918109700AF9488 /* GTLCalendar.h */ = {isa = PBXFileReference; fileEncoding = 4; lastKnownFileType = sourcecode.c.h; path = GTLCalendar.h; sourceTree = "<group>"; };
		422432A11918109700AF9488 /* GTLCalendarAcl.h */ = {isa = PBXFileReference; fileEncoding = 4; lastKnownFileType = sourcecode.c.h; path = GTLCalendarAcl.h; sourceTree = "<group>"; };
		422432A21918109700AF9488 /* GTLCalendarAcl.m */ = {isa = PBXFileReference; fileEncoding = 4; lastKnownFileType = sourcecode.c.objc; path = GTLCalendarAcl.m; sourceTree = "<group>"; };
		422432A31918109700AF9488 /* GTLCalendarAclRule.h */ = {isa = PBXFileReference; fileEncoding = 4; lastKnownFileType = sourcecode.c.h; path = GTLCalendarAclRule.h; sourceTree = "<group>"; };
		422432A41918109700AF9488 /* GTLCalendarAclRule.m */ = {isa = PBXFileReference; fileEncoding = 4; lastKnownFileType = sourcecode.c.objc; path = GTLCalendarAclRule.m; sourceTree = "<group>"; };
		422432A51918109700AF9488 /* GTLCalendarCalendar.h */ = {isa = PBXFileReference; fileEncoding = 4; lastKnownFileType = sourcecode.c.h; path = GTLCalendarCalendar.h; sourceTree = "<group>"; };
		422432A61918109700AF9488 /* GTLCalendarCalendar.m */ = {isa = PBXFileReference; fileEncoding = 4; lastKnownFileType = sourcecode.c.objc; path = GTLCalendarCalendar.m; sourceTree = "<group>"; };
		422432A71918109700AF9488 /* GTLCalendarCalendarList.h */ = {isa = PBXFileReference; fileEncoding = 4; lastKnownFileType = sourcecode.c.h; path = GTLCalendarCalendarList.h; sourceTree = "<group>"; };
		422432A81918109700AF9488 /* GTLCalendarCalendarList.m */ = {isa = PBXFileReference; fileEncoding = 4; lastKnownFileType = sourcecode.c.objc; path = GTLCalendarCalendarList.m; sourceTree = "<group>"; };
		422432A91918109700AF9488 /* GTLCalendarCalendarListEntry.h */ = {isa = PBXFileReference; fileEncoding = 4; lastKnownFileType = sourcecode.c.h; path = GTLCalendarCalendarListEntry.h; sourceTree = "<group>"; };
		422432AA1918109700AF9488 /* GTLCalendarCalendarListEntry.m */ = {isa = PBXFileReference; fileEncoding = 4; lastKnownFileType = sourcecode.c.objc; path = GTLCalendarCalendarListEntry.m; sourceTree = "<group>"; };
		422432AB1918109700AF9488 /* GTLCalendarChannel.h */ = {isa = PBXFileReference; fileEncoding = 4; lastKnownFileType = sourcecode.c.h; path = GTLCalendarChannel.h; sourceTree = "<group>"; };
		422432AC1918109700AF9488 /* GTLCalendarChannel.m */ = {isa = PBXFileReference; fileEncoding = 4; lastKnownFileType = sourcecode.c.objc; path = GTLCalendarChannel.m; sourceTree = "<group>"; };
		422432AD1918109700AF9488 /* GTLCalendarColorDefinition.h */ = {isa = PBXFileReference; fileEncoding = 4; lastKnownFileType = sourcecode.c.h; path = GTLCalendarColorDefinition.h; sourceTree = "<group>"; };
		422432AE1918109700AF9488 /* GTLCalendarColorDefinition.m */ = {isa = PBXFileReference; fileEncoding = 4; lastKnownFileType = sourcecode.c.objc; path = GTLCalendarColorDefinition.m; sourceTree = "<group>"; };
		422432AF1918109700AF9488 /* GTLCalendarColors.h */ = {isa = PBXFileReference; fileEncoding = 4; lastKnownFileType = sourcecode.c.h; path = GTLCalendarColors.h; sourceTree = "<group>"; };
		422432B01918109700AF9488 /* GTLCalendarColors.m */ = {isa = PBXFileReference; fileEncoding = 4; lastKnownFileType = sourcecode.c.objc; path = GTLCalendarColors.m; sourceTree = "<group>"; };
		422432B11918109700AF9488 /* GTLCalendarConstants.h */ = {isa = PBXFileReference; fileEncoding = 4; lastKnownFileType = sourcecode.c.h; path = GTLCalendarConstants.h; sourceTree = "<group>"; };
		422432B21918109700AF9488 /* GTLCalendarConstants.m */ = {isa = PBXFileReference; fileEncoding = 4; lastKnownFileType = sourcecode.c.objc; path = GTLCalendarConstants.m; sourceTree = "<group>"; };
		422432B31918109700AF9488 /* GTLCalendarError.h */ = {isa = PBXFileReference; fileEncoding = 4; lastKnownFileType = sourcecode.c.h; path = GTLCalendarError.h; sourceTree = "<group>"; };
		422432B41918109700AF9488 /* GTLCalendarError.m */ = {isa = PBXFileReference; fileEncoding = 4; lastKnownFileType = sourcecode.c.objc; path = GTLCalendarError.m; sourceTree = "<group>"; };
		422432B51918109700AF9488 /* GTLCalendarEvent.h */ = {isa = PBXFileReference; fileEncoding = 4; lastKnownFileType = sourcecode.c.h; path = GTLCalendarEvent.h; sourceTree = "<group>"; };
		422432B61918109700AF9488 /* GTLCalendarEvent.m */ = {isa = PBXFileReference; fileEncoding = 4; lastKnownFileType = sourcecode.c.objc; path = GTLCalendarEvent.m; sourceTree = "<group>"; };
		422432B71918109700AF9488 /* GTLCalendarEventAttendee.h */ = {isa = PBXFileReference; fileEncoding = 4; lastKnownFileType = sourcecode.c.h; path = GTLCalendarEventAttendee.h; sourceTree = "<group>"; };
		422432B81918109700AF9488 /* GTLCalendarEventAttendee.m */ = {isa = PBXFileReference; fileEncoding = 4; lastKnownFileType = sourcecode.c.objc; path = GTLCalendarEventAttendee.m; sourceTree = "<group>"; };
		422432B91918109700AF9488 /* GTLCalendarEventDateTime.h */ = {isa = PBXFileReference; fileEncoding = 4; lastKnownFileType = sourcecode.c.h; path = GTLCalendarEventDateTime.h; sourceTree = "<group>"; };
		422432BA1918109700AF9488 /* GTLCalendarEventDateTime.m */ = {isa = PBXFileReference; fileEncoding = 4; lastKnownFileType = sourcecode.c.objc; path = GTLCalendarEventDateTime.m; sourceTree = "<group>"; };
		422432BB1918109700AF9488 /* GTLCalendarEventReminder.h */ = {isa = PBXFileReference; fileEncoding = 4; lastKnownFileType = sourcecode.c.h; path = GTLCalendarEventReminder.h; sourceTree = "<group>"; };
		422432BC1918109700AF9488 /* GTLCalendarEventReminder.m */ = {isa = PBXFileReference; fileEncoding = 4; lastKnownFileType = sourcecode.c.objc; path = GTLCalendarEventReminder.m; sourceTree = "<group>"; };
		422432BD1918109700AF9488 /* GTLCalendarEvents.h */ = {isa = PBXFileReference; fileEncoding = 4; lastKnownFileType = sourcecode.c.h; path = GTLCalendarEvents.h; sourceTree = "<group>"; };
		422432BE1918109700AF9488 /* GTLCalendarEvents.m */ = {isa = PBXFileReference; fileEncoding = 4; lastKnownFileType = sourcecode.c.objc; path = GTLCalendarEvents.m; sourceTree = "<group>"; };
		422432BF1918109700AF9488 /* GTLCalendarFreeBusyCalendar.h */ = {isa = PBXFileReference; fileEncoding = 4; lastKnownFileType = sourcecode.c.h; path = GTLCalendarFreeBusyCalendar.h; sourceTree = "<group>"; };
		422432C01918109700AF9488 /* GTLCalendarFreeBusyCalendar.m */ = {isa = PBXFileReference; fileEncoding = 4; lastKnownFileType = sourcecode.c.objc; path = GTLCalendarFreeBusyCalendar.m; sourceTree = "<group>"; };
		422432C11918109700AF9488 /* GTLCalendarFreeBusyGroup.h */ = {isa = PBXFileReference; fileEncoding = 4; lastKnownFileType = sourcecode.c.h; path = GTLCalendarFreeBusyGroup.h; sourceTree = "<group>"; };
		422432C21918109700AF9488 /* GTLCalendarFreeBusyGroup.m */ = {isa = PBXFileReference; fileEncoding = 4; lastKnownFileType = sourcecode.c.objc; path = GTLCalendarFreeBusyGroup.m; sourceTree = "<group>"; };
		422432C31918109700AF9488 /* GTLCalendarFreeBusyRequestItem.h */ = {isa = PBXFileReference; fileEncoding = 4; lastKnownFileType = sourcecode.c.h; path = GTLCalendarFreeBusyRequestItem.h; sourceTree = "<group>"; };
		422432C41918109700AF9488 /* GTLCalendarFreeBusyRequestItem.m */ = {isa = PBXFileReference; fileEncoding = 4; lastKnownFileType = sourcecode.c.objc; path = GTLCalendarFreeBusyRequestItem.m; sourceTree = "<group>"; };
		422432C51918109700AF9488 /* GTLCalendarFreeBusyResponse.h */ = {isa = PBXFileReference; fileEncoding = 4; lastKnownFileType = sourcecode.c.h; path = GTLCalendarFreeBusyResponse.h; sourceTree = "<group>"; };
		422432C61918109700AF9488 /* GTLCalendarFreeBusyResponse.m */ = {isa = PBXFileReference; fileEncoding = 4; lastKnownFileType = sourcecode.c.objc; path = GTLCalendarFreeBusyResponse.m; sourceTree = "<group>"; };
		422432C71918109700AF9488 /* GTLCalendarNotification.h */ = {isa = PBXFileReference; fileEncoding = 4; lastKnownFileType = sourcecode.c.h; path = GTLCalendarNotification.h; sourceTree = "<group>"; };
		422432C81918109700AF9488 /* GTLCalendarNotification.m */ = {isa = PBXFileReference; fileEncoding = 4; lastKnownFileType = sourcecode.c.objc; path = GTLCalendarNotification.m; sourceTree = "<group>"; };
		422432C91918109700AF9488 /* GTLCalendarSetting.h */ = {isa = PBXFileReference; fileEncoding = 4; lastKnownFileType = sourcecode.c.h; path = GTLCalendarSetting.h; sourceTree = "<group>"; };
		422432CA1918109700AF9488 /* GTLCalendarSetting.m */ = {isa = PBXFileReference; fileEncoding = 4; lastKnownFileType = sourcecode.c.objc; path = GTLCalendarSetting.m; sourceTree = "<group>"; };
		422432CB1918109700AF9488 /* GTLCalendarSettings.h */ = {isa = PBXFileReference; fileEncoding = 4; lastKnownFileType = sourcecode.c.h; path = GTLCalendarSettings.h; sourceTree = "<group>"; };
		422432CC1918109700AF9488 /* GTLCalendarSettings.m */ = {isa = PBXFileReference; fileEncoding = 4; lastKnownFileType = sourcecode.c.objc; path = GTLCalendarSettings.m; sourceTree = "<group>"; };
		422432CD1918109700AF9488 /* GTLCalendarTimePeriod.h */ = {isa = PBXFileReference; fileEncoding = 4; lastKnownFileType = sourcecode.c.h; path = GTLCalendarTimePeriod.h; sourceTree = "<group>"; };
		422432CE1918109700AF9488 /* GTLCalendarTimePeriod.m */ = {isa = PBXFileReference; fileEncoding = 4; lastKnownFileType = sourcecode.c.objc; path = GTLCalendarTimePeriod.m; sourceTree = "<group>"; };
		422432CF1918109700AF9488 /* GTLQueryCalendar.h */ = {isa = PBXFileReference; fileEncoding = 4; lastKnownFileType = sourcecode.c.h; path = GTLQueryCalendar.h; sourceTree = "<group>"; };
		422432D01918109700AF9488 /* GTLQueryCalendar.m */ = {isa = PBXFileReference; fileEncoding = 4; lastKnownFileType = sourcecode.c.objc; path = GTLQueryCalendar.m; sourceTree = "<group>"; };
		422432D11918109700AF9488 /* GTLServiceCalendar.h */ = {isa = PBXFileReference; fileEncoding = 4; lastKnownFileType = sourcecode.c.h; path = GTLServiceCalendar.h; sourceTree = "<group>"; };
		422432D21918109700AF9488 /* GTLServiceCalendar.m */ = {isa = PBXFileReference; fileEncoding = 4; lastKnownFileType = sourcecode.c.objc; path = GTLServiceCalendar.m; sourceTree = "<group>"; };
		422432EE191810BC00AF9488 /* GTLObject.h */ = {isa = PBXFileReference; fileEncoding = 4; lastKnownFileType = sourcecode.c.h; path = GTLObject.h; sourceTree = "<group>"; };
		422432EF191810BC00AF9488 /* GTLObject.m */ = {isa = PBXFileReference; fileEncoding = 4; lastKnownFileType = sourcecode.c.objc; path = GTLObject.m; sourceTree = "<group>"; };
		422432F1191810CB00AF9488 /* GTLDefines.h */ = {isa = PBXFileReference; lastKnownFileType = sourcecode.c.h; path = GTLDefines.h; sourceTree = "<group>"; };
		422432F3191810F400AF9488 /* GTLUtilities.h */ = {isa = PBXFileReference; fileEncoding = 4; lastKnownFileType = sourcecode.c.h; path = GTLUtilities.h; sourceTree = "<group>"; };
		422432F4191810F400AF9488 /* GTLUtilities.m */ = {isa = PBXFileReference; fileEncoding = 4; lastKnownFileType = sourcecode.c.objc; path = GTLUtilities.m; sourceTree = "<group>"; };
		422432F61918113900AF9488 /* GTLDateTime.h */ = {isa = PBXFileReference; fileEncoding = 4; lastKnownFileType = sourcecode.c.h; path = GTLDateTime.h; sourceTree = "<group>"; };
		422432F71918113900AF9488 /* GTLDateTime.m */ = {isa = PBXFileReference; fileEncoding = 4; lastKnownFileType = sourcecode.c.objc; path = GTLDateTime.m; sourceTree = "<group>"; };
		422432F91918114800AF9488 /* GTLRuntimeCommon.h */ = {isa = PBXFileReference; fileEncoding = 4; lastKnownFileType = sourcecode.c.h; path = GTLRuntimeCommon.h; sourceTree = "<group>"; };
		422432FA1918114800AF9488 /* GTLRuntimeCommon.m */ = {isa = PBXFileReference; fileEncoding = 4; lastKnownFileType = sourcecode.c.objc; path = GTLRuntimeCommon.m; sourceTree = "<group>"; };
		422432FC1918115600AF9488 /* GTLJSONParser.h */ = {isa = PBXFileReference; fileEncoding = 4; lastKnownFileType = sourcecode.c.h; path = GTLJSONParser.h; sourceTree = "<group>"; };
		422432FD1918115600AF9488 /* GTLJSONParser.m */ = {isa = PBXFileReference; fileEncoding = 4; lastKnownFileType = sourcecode.c.objc; path = GTLJSONParser.m; sourceTree = "<group>"; };
		422432FF1918116C00AF9488 /* GTLQuery.h */ = {isa = PBXFileReference; fileEncoding = 4; lastKnownFileType = sourcecode.c.h; path = GTLQuery.h; sourceTree = "<group>"; };
		422433001918116C00AF9488 /* GTLQuery.m */ = {isa = PBXFileReference; fileEncoding = 4; lastKnownFileType = sourcecode.c.objc; path = GTLQuery.m; sourceTree = "<group>"; };
		422433021918117E00AF9488 /* GTLUploadParameters.h */ = {isa = PBXFileReference; fileEncoding = 4; lastKnownFileType = sourcecode.c.h; path = GTLUploadParameters.h; sourceTree = "<group>"; };
		422433031918117E00AF9488 /* GTLUploadParameters.m */ = {isa = PBXFileReference; fileEncoding = 4; lastKnownFileType = sourcecode.c.objc; path = GTLUploadParameters.m; sourceTree = "<group>"; };
		42243305191811B500AF9488 /* GTLService.h */ = {isa = PBXFileReference; fileEncoding = 4; lastKnownFileType = sourcecode.c.h; path = GTLService.h; sourceTree = "<group>"; };
		42243306191811B500AF9488 /* GTLService.m */ = {isa = PBXFileReference; fileEncoding = 4; lastKnownFileType = sourcecode.c.objc; path = GTLService.m; sourceTree = "<group>"; };
		42243308191811E600AF9488 /* GTMHTTPFetcherService.h */ = {isa = PBXFileReference; fileEncoding = 4; lastKnownFileType = sourcecode.c.h; path = GTMHTTPFetcherService.h; sourceTree = "<group>"; };
		42243309191811E600AF9488 /* GTMHTTPFetcherService.m */ = {isa = PBXFileReference; fileEncoding = 4; lastKnownFileType = sourcecode.c.objc; path = GTMHTTPFetcherService.m; sourceTree = "<group>"; };
		4224330B191811F300AF9488 /* GTMHTTPFetchHistory.h */ = {isa = PBXFileReference; fileEncoding = 4; lastKnownFileType = sourcecode.c.h; path = GTMHTTPFetchHistory.h; sourceTree = "<group>"; };
		4224330C191811F300AF9488 /* GTMHTTPFetchHistory.m */ = {isa = PBXFileReference; fileEncoding = 4; lastKnownFileType = sourcecode.c.objc; path = GTMHTTPFetchHistory.m; sourceTree = "<group>"; };
		4224330E1918120400AF9488 /* GTLBatchQuery.h */ = {isa = PBXFileReference; fileEncoding = 4; lastKnownFileType = sourcecode.c.h; path = GTLBatchQuery.h; sourceTree = "<group>"; };
		4224330F1918120400AF9488 /* GTLBatchQuery.m */ = {isa = PBXFileReference; fileEncoding = 4; lastKnownFileType = sourcecode.c.objc; path = GTLBatchQuery.m; sourceTree = "<group>"; };
		422433111918120F00AF9488 /* GTLBatchResult.h */ = {isa = PBXFileReference; fileEncoding = 4; lastKnownFileType = sourcecode.c.h; path = GTLBatchResult.h; sourceTree = "<group>"; };
		422433121918120F00AF9488 /* GTLBatchResult.m */ = {isa = PBXFileReference; fileEncoding = 4; lastKnownFileType = sourcecode.c.objc; path = GTLBatchResult.m; sourceTree = "<group>"; };
		422433141918121D00AF9488 /* GTLErrorObject.h */ = {isa = PBXFileReference; fileEncoding = 4; lastKnownFileType = sourcecode.c.h; path = GTLErrorObject.h; sourceTree = "<group>"; };
		422433151918121D00AF9488 /* GTLErrorObject.m */ = {isa = PBXFileReference; fileEncoding = 4; lastKnownFileType = sourcecode.c.objc; path = GTLErrorObject.m; sourceTree = "<group>"; };
		422433171918124800AF9488 /* GTLFramework.h */ = {isa = PBXFileReference; fileEncoding = 4; lastKnownFileType = sourcecode.c.h; path = GTLFramework.h; sourceTree = "<group>"; };
		422433181918124800AF9488 /* GTLFramework.m */ = {isa = PBXFileReference; fileEncoding = 4; lastKnownFileType = sourcecode.c.objc; path = GTLFramework.m; sourceTree = "<group>"; };
		426AF6BA1917F1B1006DC6D3 /* Security.framework */ = {isa = PBXFileReference; lastKnownFileType = wrapper.framework; name = Security.framework; path = System/Library/Frameworks/Security.framework; sourceTree = SDKROOT; };
		426AF6BC1917F1B9006DC6D3 /* SystemConfiguration.framework */ = {isa = PBXFileReference; lastKnownFileType = wrapper.framework; name = SystemConfiguration.framework; path = System/Library/Frameworks/SystemConfiguration.framework; sourceTree = SDKROOT; };
		42A542321917E33500D34B1D /* Book Room.app */ = {isa = PBXFileReference; explicitFileType = wrapper.application; includeInIndex = 0; path = "Book Room.app"; sourceTree = BUILT_PRODUCTS_DIR; };
		42A542351917E33500D34B1D /* Foundation.framework */ = {isa = PBXFileReference; lastKnownFileType = wrapper.framework; name = Foundation.framework; path = System/Library/Frameworks/Foundation.framework; sourceTree = SDKROOT; };
		42A542371917E33500D34B1D /* CoreGraphics.framework */ = {isa = PBXFileReference; lastKnownFileType = wrapper.framework; name = CoreGraphics.framework; path = System/Library/Frameworks/CoreGraphics.framework; sourceTree = SDKROOT; };
		42A542391917E33500D34B1D /* UIKit.framework */ = {isa = PBXFileReference; lastKnownFileType = wrapper.framework; name = UIKit.framework; path = System/Library/Frameworks/UIKit.framework; sourceTree = SDKROOT; };
		42A5423D1917E33500D34B1D /* Book Room-Info.plist */ = {isa = PBXFileReference; lastKnownFileType = text.plist.xml; path = "Book Room-Info.plist"; sourceTree = "<group>"; };
		42A5423F1917E33500D34B1D /* en */ = {isa = PBXFileReference; lastKnownFileType = text.plist.strings; name = en; path = en.lproj/InfoPlist.strings; sourceTree = "<group>"; };
		42A542411917E33500D34B1D /* main.m */ = {isa = PBXFileReference; lastKnownFileType = sourcecode.c.objc; path = main.m; sourceTree = "<group>"; };
		42A542431917E33500D34B1D /* Book Room-Prefix.pch */ = {isa = PBXFileReference; lastKnownFileType = sourcecode.c.h; path = "Book Room-Prefix.pch"; sourceTree = "<group>"; };
		42A542441917E33500D34B1D /* BRAppDelegate.h */ = {isa = PBXFileReference; lastKnownFileType = sourcecode.c.h; path = BRAppDelegate.h; sourceTree = "<group>"; };
		42A542451917E33500D34B1D /* BRAppDelegate.m */ = {isa = PBXFileReference; lastKnownFileType = sourcecode.c.objc; path = BRAppDelegate.m; sourceTree = "<group>"; };
		42A542481917E33500D34B1D /* Base */ = {isa = PBXFileReference; lastKnownFileType = file.storyboard; name = Base; path = Base.lproj/Main.storyboard; sourceTree = "<group>"; };
		42A5424A1917E33500D34B1D /* BRHomeViewController.h */ = {isa = PBXFileReference; lastKnownFileType = sourcecode.c.h; path = BRHomeViewController.h; sourceTree = "<group>"; };
		42A5424B1917E33500D34B1D /* BRHomeViewController.m */ = {isa = PBXFileReference; lastKnownFileType = sourcecode.c.objc; path = BRHomeViewController.m; sourceTree = "<group>"; };
		42A5424D1917E33500D34B1D /* Images.xcassets */ = {isa = PBXFileReference; lastKnownFileType = folder.assetcatalog; path = Images.xcassets; sourceTree = "<group>"; };
		42A542531917E33500D34B1D /* Book RoomTests.xctest */ = {isa = PBXFileReference; explicitFileType = wrapper.cfbundle; includeInIndex = 0; path = "Book RoomTests.xctest"; sourceTree = BUILT_PRODUCTS_DIR; };
		42A542541917E33500D34B1D /* XCTest.framework */ = {isa = PBXFileReference; lastKnownFileType = wrapper.framework; name = XCTest.framework; path = Library/Frameworks/XCTest.framework; sourceTree = DEVELOPER_DIR; };
		42A5425C1917E33500D34B1D /* Book RoomTests-Info.plist */ = {isa = PBXFileReference; lastKnownFileType = text.plist.xml; path = "Book RoomTests-Info.plist"; sourceTree = "<group>"; };
		42A5425E1917E33500D34B1D /* en */ = {isa = PBXFileReference; lastKnownFileType = text.plist.strings; name = en; path = en.lproj/InfoPlist.strings; sourceTree = "<group>"; };
		42A542601917E33500D34B1D /* Book_RoomTests.m */ = {isa = PBXFileReference; lastKnownFileType = sourcecode.c.objc; path = Book_RoomTests.m; sourceTree = "<group>"; };
/* End PBXFileReference section */

/* Begin PBXFrameworksBuildPhase section */
		42A5422F1917E33500D34B1D /* Frameworks */ = {
			isa = PBXFrameworksBuildPhase;
			buildActionMask = 2147483647;
			files = (
				426AF6BD1917F1B9006DC6D3 /* SystemConfiguration.framework in Frameworks */,
				426AF6BB1917F1B1006DC6D3 /* Security.framework in Frameworks */,
				42A542381917E33500D34B1D /* CoreGraphics.framework in Frameworks */,
				42A5423A1917E33500D34B1D /* UIKit.framework in Frameworks */,
				42A542361917E33500D34B1D /* Foundation.framework in Frameworks */,
			);
			runOnlyForDeploymentPostprocessing = 0;
		};
		42A542501917E33500D34B1D /* Frameworks */ = {
			isa = PBXFrameworksBuildPhase;
			buildActionMask = 2147483647;
			files = (
				42A542551917E33500D34B1D /* XCTest.framework in Frameworks */,
				42A542571917E33500D34B1D /* UIKit.framework in Frameworks */,
				42A542561917E33500D34B1D /* Foundation.framework in Frameworks */,
			);
			runOnlyForDeploymentPostprocessing = 0;
		};
/* End PBXFrameworksBuildPhase section */

/* Begin PBXGroup section */
		4224328C19180F2400AF9488 /* Google */ = {
			isa = PBXGroup;
			children = (
				422432F1191810CB00AF9488 /* GTLDefines.h */,
				422432ED191810AE00AF9488 /* Objects */,
				4224329E19180FD200AF9488 /* Calendar */,
				4224329A19180F8B00AF9488 /* HTTPFetcher */,
				4224328D19180F2D00AF9488 /* OAuth2 */,
				422432F2191810E000AF9488 /* Utilities */,
			);
			name = Google;
			sourceTree = "<group>";
		};
		4224328D19180F2D00AF9488 /* OAuth2 */ = {
			isa = PBXGroup;
			children = (
				4224329419180F3D00AF9488 /* Touch */,
				4224328E19180F3A00AF9488 /* GTMOAuth2Authentication.h */,
				4224328F19180F3A00AF9488 /* GTMOAuth2Authentication.m */,
				4224329019180F3A00AF9488 /* GTMOAuth2SignIn.h */,
				4224329119180F3A00AF9488 /* GTMOAuth2SignIn.m */,
			);
			name = OAuth2;
			sourceTree = "<group>";
		};
		4224329419180F3D00AF9488 /* Touch */ = {
			isa = PBXGroup;
			children = (
				4224329519180F4800AF9488 /* GTMOAuth2ViewControllerTouch.h */,
				4224329619180F4800AF9488 /* GTMOAuth2ViewControllerTouch.m */,
				4224329719180F4800AF9488 /* GTMOAuth2ViewTouch.xib */,
			);
			name = Touch;
			sourceTree = "<group>";
		};
		4224329A19180F8B00AF9488 /* HTTPFetcher */ = {
			isa = PBXGroup;
			children = (
				4224329B19180F9400AF9488 /* GTMHTTPFetcher.h */,
				4224329C19180F9400AF9488 /* GTMHTTPFetcher.m */,
				42243308191811E600AF9488 /* GTMHTTPFetcherService.h */,
				42243309191811E600AF9488 /* GTMHTTPFetcherService.m */,
				4224330B191811F300AF9488 /* GTMHTTPFetchHistory.h */,
				4224330C191811F300AF9488 /* GTMHTTPFetchHistory.m */,
			);
			name = HTTPFetcher;
			sourceTree = "<group>";
		};
		4224329E19180FD200AF9488 /* Calendar */ = {
			isa = PBXGroup;
			children = (
				422432A01918109700AF9488 /* GTLCalendar.h */,
				422432A11918109700AF9488 /* GTLCalendarAcl.h */,
				422432A21918109700AF9488 /* GTLCalendarAcl.m */,
				422432A31918109700AF9488 /* GTLCalendarAclRule.h */,
				422432A41918109700AF9488 /* GTLCalendarAclRule.m */,
				422432A51918109700AF9488 /* GTLCalendarCalendar.h */,
				422432A61918109700AF9488 /* GTLCalendarCalendar.m */,
				422432A71918109700AF9488 /* GTLCalendarCalendarList.h */,
				422432A81918109700AF9488 /* GTLCalendarCalendarList.m */,
				422432A91918109700AF9488 /* GTLCalendarCalendarListEntry.h */,
				422432AA1918109700AF9488 /* GTLCalendarCalendarListEntry.m */,
				422432AB1918109700AF9488 /* GTLCalendarChannel.h */,
				422432AC1918109700AF9488 /* GTLCalendarChannel.m */,
				422432AD1918109700AF9488 /* GTLCalendarColorDefinition.h */,
				422432AE1918109700AF9488 /* GTLCalendarColorDefinition.m */,
				422432AF1918109700AF9488 /* GTLCalendarColors.h */,
				422432B01918109700AF9488 /* GTLCalendarColors.m */,
				422432B11918109700AF9488 /* GTLCalendarConstants.h */,
				422432B21918109700AF9488 /* GTLCalendarConstants.m */,
				422432B31918109700AF9488 /* GTLCalendarError.h */,
				422432B41918109700AF9488 /* GTLCalendarError.m */,
				422432B51918109700AF9488 /* GTLCalendarEvent.h */,
				422432B61918109700AF9488 /* GTLCalendarEvent.m */,
				422432B71918109700AF9488 /* GTLCalendarEventAttendee.h */,
				422432B81918109700AF9488 /* GTLCalendarEventAttendee.m */,
				422432B91918109700AF9488 /* GTLCalendarEventDateTime.h */,
				422432BA1918109700AF9488 /* GTLCalendarEventDateTime.m */,
				422432BB1918109700AF9488 /* GTLCalendarEventReminder.h */,
				422432BC1918109700AF9488 /* GTLCalendarEventReminder.m */,
				422432BD1918109700AF9488 /* GTLCalendarEvents.h */,
				422432BE1918109700AF9488 /* GTLCalendarEvents.m */,
				422432BF1918109700AF9488 /* GTLCalendarFreeBusyCalendar.h */,
				422432C01918109700AF9488 /* GTLCalendarFreeBusyCalendar.m */,
				422432C11918109700AF9488 /* GTLCalendarFreeBusyGroup.h */,
				422432C21918109700AF9488 /* GTLCalendarFreeBusyGroup.m */,
				422432C31918109700AF9488 /* GTLCalendarFreeBusyRequestItem.h */,
				422432C41918109700AF9488 /* GTLCalendarFreeBusyRequestItem.m */,
				422432C51918109700AF9488 /* GTLCalendarFreeBusyResponse.h */,
				422432C61918109700AF9488 /* GTLCalendarFreeBusyResponse.m */,
				422432C71918109700AF9488 /* GTLCalendarNotification.h */,
				422432C81918109700AF9488 /* GTLCalendarNotification.m */,
				422432C91918109700AF9488 /* GTLCalendarSetting.h */,
				422432CA1918109700AF9488 /* GTLCalendarSetting.m */,
				422432CB1918109700AF9488 /* GTLCalendarSettings.h */,
				422432CC1918109700AF9488 /* GTLCalendarSettings.m */,
				422432CD1918109700AF9488 /* GTLCalendarTimePeriod.h */,
				422432CE1918109700AF9488 /* GTLCalendarTimePeriod.m */,
				422432CF1918109700AF9488 /* GTLQueryCalendar.h */,
				422432D01918109700AF9488 /* GTLQueryCalendar.m */,
				422432D11918109700AF9488 /* GTLServiceCalendar.h */,
				422432D21918109700AF9488 /* GTLServiceCalendar.m */,
			);
			name = Calendar;
			sourceTree = "<group>";
		};
		422432ED191810AE00AF9488 /* Objects */ = {
			isa = PBXGroup;
			children = (
				4224330E1918120400AF9488 /* GTLBatchQuery.h */,
				4224330F1918120400AF9488 /* GTLBatchQuery.m */,
				422433111918120F00AF9488 /* GTLBatchResult.h */,
				422433121918120F00AF9488 /* GTLBatchResult.m */,
				422432FF1918116C00AF9488 /* GTLQuery.h */,
				422433001918116C00AF9488 /* GTLQuery.m */,
				422432F91918114800AF9488 /* GTLRuntimeCommon.h */,
				422432FA1918114800AF9488 /* GTLRuntimeCommon.m */,
				422432F61918113900AF9488 /* GTLDateTime.h */,
				422432F71918113900AF9488 /* GTLDateTime.m */,
				422433141918121D00AF9488 /* GTLErrorObject.h */,
				422433151918121D00AF9488 /* GTLErrorObject.m */,
				422432EE191810BC00AF9488 /* GTLObject.h */,
				422432EF191810BC00AF9488 /* GTLObject.m */,
				42243305191811B500AF9488 /* GTLService.h */,
				42243306191811B500AF9488 /* GTLService.m */,
				422433021918117E00AF9488 /* GTLUploadParameters.h */,
				422433031918117E00AF9488 /* GTLUploadParameters.m */,
			);
			name = Objects;
			sourceTree = "<group>";
		};
		422432F2191810E000AF9488 /* Utilities */ = {
			isa = PBXGroup;
			children = (
				422433171918124800AF9488 /* GTLFramework.h */,
				422433181918124800AF9488 /* GTLFramework.m */,
				422432FC1918115600AF9488 /* GTLJSONParser.h */,
				422432FD1918115600AF9488 /* GTLJSONParser.m */,
				422432F3191810F400AF9488 /* GTLUtilities.h */,
				422432F4191810F400AF9488 /* GTLUtilities.m */,
			);
			name = Utilities;
			sourceTree = "<group>";
		};
		42A542291917E33400D34B1D = {
			isa = PBXGroup;
			children = (
				42A5423B1917E33500D34B1D /* Book Room */,
				42A5425A1917E33500D34B1D /* Book RoomTests */,
				42A542341917E33500D34B1D /* Frameworks */,
				42A542331917E33500D34B1D /* Products */,
			);
			sourceTree = "<group>";
		};
		42A542331917E33500D34B1D /* Products */ = {
			isa = PBXGroup;
			children = (
				42A542321917E33500D34B1D /* Book Room.app */,
				42A542531917E33500D34B1D /* Book RoomTests.xctest */,
			);
			name = Products;
			sourceTree = "<group>";
		};
		42A542341917E33500D34B1D /* Frameworks */ = {
			isa = PBXGroup;
			children = (
				426AF6BC1917F1B9006DC6D3 /* SystemConfiguration.framework */,
				426AF6BA1917F1B1006DC6D3 /* Security.framework */,
				42A542351917E33500D34B1D /* Foundation.framework */,
				42A542371917E33500D34B1D /* CoreGraphics.framework */,
				42A542391917E33500D34B1D /* UIKit.framework */,
				42A542541917E33500D34B1D /* XCTest.framework */,
			);
			name = Frameworks;
			sourceTree = "<group>";
		};
		42A5423B1917E33500D34B1D /* Book Room */ = {
			isa = PBXGroup;
			children = (
				42A5426F1917E36700D34B1D /* Helpers */,
				42A5426D1917E35B00D34B1D /* Libraries */,
				42A5426E1917E35F00D34B1D /* Images */,
				42A5426C1917E35100D34B1D /* Models */,
				42A5426B1917E34C00D34B1D /* Views */,
				42A5426A1917E34200D34B1D /* Controllers */,
				42A542441917E33500D34B1D /* BRAppDelegate.h */,
				42A542451917E33500D34B1D /* BRAppDelegate.m */,
				42A5423C1917E33500D34B1D /* Supporting Files */,
			);
			path = "Book Room";
			sourceTree = "<group>";
		};
		42A5423C1917E33500D34B1D /* Supporting Files */ = {
			isa = PBXGroup;
			children = (
				42A5423D1917E33500D34B1D /* Book Room-Info.plist */,
				42A5423E1917E33500D34B1D /* InfoPlist.strings */,
				42A542411917E33500D34B1D /* main.m */,
				42A542431917E33500D34B1D /* Book Room-Prefix.pch */,
			);
			name = "Supporting Files";
			sourceTree = "<group>";
		};
		42A5425A1917E33500D34B1D /* Book RoomTests */ = {
			isa = PBXGroup;
			children = (
				42A542601917E33500D34B1D /* Book_RoomTests.m */,
				42A5425B1917E33500D34B1D /* Supporting Files */,
			);
			path = "Book RoomTests";
			sourceTree = "<group>";
		};
		42A5425B1917E33500D34B1D /* Supporting Files */ = {
			isa = PBXGroup;
			children = (
				42A5425C1917E33500D34B1D /* Book RoomTests-Info.plist */,
				42A5425D1917E33500D34B1D /* InfoPlist.strings */,
			);
			name = "Supporting Files";
			sourceTree = "<group>";
		};
		42A5426A1917E34200D34B1D /* Controllers */ = {
			isa = PBXGroup;
			children = (
				42A5424A1917E33500D34B1D /* BRHomeViewController.h */,
				42A5424B1917E33500D34B1D /* BRHomeViewController.m */,
			);
			name = Controllers;
			sourceTree = "<group>";
		};
		42A5426B1917E34C00D34B1D /* Views */ = {
			isa = PBXGroup;
			children = (
				42A542471917E33500D34B1D /* Main.storyboard */,
			);
			name = Views;
			sourceTree = "<group>";
		};
		42A5426C1917E35100D34B1D /* Models */ = {
			isa = PBXGroup;
			children = (
			);
			name = Models;
			sourceTree = "<group>";
		};
		42A5426D1917E35B00D34B1D /* Libraries */ = {
			isa = PBXGroup;
			children = (
				4224328C19180F2400AF9488 /* Google */,
			);
			name = Libraries;
			sourceTree = "<group>";
		};
		42A5426E1917E35F00D34B1D /* Images */ = {
			isa = PBXGroup;
			children = (
				42A5424D1917E33500D34B1D /* Images.xcassets */,
			);
			name = Images;
			sourceTree = "<group>";
		};
		42A5426F1917E36700D34B1D /* Helpers */ = {
			isa = PBXGroup;
			children = (
			);
			name = Helpers;
			sourceTree = "<group>";
		};
/* End PBXGroup section */

/* Begin PBXNativeTarget section */
		42A542311917E33500D34B1D /* Book Room */ = {
			isa = PBXNativeTarget;
			buildConfigurationList = 42A542641917E33500D34B1D /* Build configuration list for PBXNativeTarget "Book Room" */;
			buildPhases = (
				42A5422E1917E33500D34B1D /* Sources */,
				42A5422F1917E33500D34B1D /* Frameworks */,
				42A542301917E33500D34B1D /* Resources */,
			);
			buildRules = (
			);
			dependencies = (
			);
			name = "Book Room";
			productName = "Book Room";
			productReference = 42A542321917E33500D34B1D /* Book Room.app */;
			productType = "com.apple.product-type.application";
		};
		42A542521917E33500D34B1D /* Book RoomTests */ = {
			isa = PBXNativeTarget;
			buildConfigurationList = 42A542671917E33500D34B1D /* Build configuration list for PBXNativeTarget "Book RoomTests" */;
			buildPhases = (
				42A5424F1917E33500D34B1D /* Sources */,
				42A542501917E33500D34B1D /* Frameworks */,
				42A542511917E33500D34B1D /* Resources */,
			);
			buildRules = (
			);
			dependencies = (
				42A542591917E33500D34B1D /* PBXTargetDependency */,
			);
			name = "Book RoomTests";
			productName = "Book RoomTests";
			productReference = 42A542531917E33500D34B1D /* Book RoomTests.xctest */;
			productType = "com.apple.product-type.bundle.unit-test";
		};
/* End PBXNativeTarget section */

/* Begin PBXProject section */
		42A5422A1917E33500D34B1D /* Project object */ = {
			isa = PBXProject;
			attributes = {
				CLASSPREFIX = BR;
				LastUpgradeCheck = 0510;
				ORGANIZATIONNAME = "Pivotal Labs";
				TargetAttributes = {
					42A542521917E33500D34B1D = {
						TestTargetID = 42A542311917E33500D34B1D;
					};
				};
			};
			buildConfigurationList = 42A5422D1917E33500D34B1D /* Build configuration list for PBXProject "Book Room" */;
			compatibilityVersion = "Xcode 3.2";
			developmentRegion = English;
			hasScannedForEncodings = 0;
			knownRegions = (
				en,
				Base,
			);
			mainGroup = 42A542291917E33400D34B1D;
			productRefGroup = 42A542331917E33500D34B1D /* Products */;
			projectDirPath = "";
			projectRoot = "";
			targets = (
				42A542311917E33500D34B1D /* Book Room */,
				42A542521917E33500D34B1D /* Book RoomTests */,
			);
		};
/* End PBXProject section */

/* Begin PBXResourcesBuildPhase section */
		42A542301917E33500D34B1D /* Resources */ = {
			isa = PBXResourcesBuildPhase;
			buildActionMask = 2147483647;
			files = (
				4224329919180F4800AF9488 /* GTMOAuth2ViewTouch.xib in Resources */,
				42A5424E1917E33500D34B1D /* Images.xcassets in Resources */,
				42A542401917E33500D34B1D /* InfoPlist.strings in Resources */,
				42A542491917E33500D34B1D /* Main.storyboard in Resources */,
			);
			runOnlyForDeploymentPostprocessing = 0;
		};
		42A542511917E33500D34B1D /* Resources */ = {
			isa = PBXResourcesBuildPhase;
			buildActionMask = 2147483647;
			files = (
				42A5425F1917E33500D34B1D /* InfoPlist.strings in Resources */,
			);
			runOnlyForDeploymentPostprocessing = 0;
		};
/* End PBXResourcesBuildPhase section */

/* Begin PBXSourcesBuildPhase section */
		42A5422E1917E33500D34B1D /* Sources */ = {
			isa = PBXSourcesBuildPhase;
			buildActionMask = 2147483647;
			files = (
				422432F0191810BC00AF9488 /* GTLObject.m in Sources */,
				422432E31918109700AF9488 /* GTLCalendarFreeBusyCalendar.m in Sources */,
				422432E61918109700AF9488 /* GTLCalendarFreeBusyResponse.m in Sources */,
				422433011918116C00AF9488 /* GTLQuery.m in Sources */,
				422432D61918109700AF9488 /* GTLCalendarCalendar.m in Sources */,
				42243307191811B500AF9488 /* GTLService.m in Sources */,
				422432DB1918109700AF9488 /* GTLCalendarColors.m in Sources */,
				422433161918121D00AF9488 /* GTLErrorObject.m in Sources */,
				422433191918124800AF9488 /* GTLFramework.m in Sources */,
				422432EC1918109700AF9488 /* GTLServiceCalendar.m in Sources */,
				422432EB1918109700AF9488 /* GTLQueryCalendar.m in Sources */,
				422432D91918109700AF9488 /* GTLCalendarChannel.m in Sources */,
				422432D81918109700AF9488 /* GTLCalendarCalendarListEntry.m in Sources */,
				422432E01918109700AF9488 /* GTLCalendarEventDateTime.m in Sources */,
				422432D41918109700AF9488 /* GTLCalendarAcl.m in Sources */,
				4224329819180F4800AF9488 /* GTMOAuth2ViewControllerTouch.m in Sources */,
				422432E81918109700AF9488 /* GTLCalendarSetting.m in Sources */,
				422432E51918109700AF9488 /* GTLCalendarFreeBusyRequestItem.m in Sources */,
				422433131918120F00AF9488 /* GTLBatchResult.m in Sources */,
				422432EA1918109700AF9488 /* GTLCalendarTimePeriod.m in Sources */,
				4224329D19180F9400AF9488 /* GTMHTTPFetcher.m in Sources */,
				42A5424C1917E33500D34B1D /* BRHomeViewController.m in Sources */,
				422432E41918109700AF9488 /* GTLCalendarFreeBusyGroup.m in Sources */,
				422432DA1918109700AF9488 /* GTLCalendarColorDefinition.m in Sources */,
				42A542461917E33500D34B1D /* BRAppDelegate.m in Sources */,
				4224330A191811E600AF9488 /* GTMHTTPFetcherService.m in Sources */,
				422432DD1918109700AF9488 /* GTLCalendarError.m in Sources */,
				422432E71918109700AF9488 /* GTLCalendarNotification.m in Sources */,
				422432D71918109700AF9488 /* GTLCalendarCalendarList.m in Sources */,
				422432E91918109700AF9488 /* GTLCalendarSettings.m in Sources */,
				422432D51918109700AF9488 /* GTLCalendarAclRule.m in Sources */,
				4224329319180F3A00AF9488 /* GTMOAuth2SignIn.m in Sources */,
				422432DC1918109700AF9488 /* GTLCalendarConstants.m in Sources */,
				422432DE1918109700AF9488 /* GTLCalendarEvent.m in Sources */,
				422432E11918109700AF9488 /* GTLCalendarEventReminder.m in Sources */,
				42A542421917E33500D34B1D /* main.m in Sources */,
				422433041918117E00AF9488 /* GTLUploadParameters.m in Sources */,
				422432E21918109700AF9488 /* GTLCalendarEvents.m in Sources */,
				422432F81918113900AF9488 /* GTLDateTime.m in Sources */,
				422432DF1918109700AF9488 /* GTLCalendarEventAttendee.m in Sources */,
				422432FE1918115600AF9488 /* GTLJSONParser.m in Sources */,
				422432F5191810F400AF9488 /* GTLUtilities.m in Sources */,
				4224330D191811F300AF9488 /* GTMHTTPFetchHistory.m in Sources */,
				422433101918120400AF9488 /* GTLBatchQuery.m in Sources */,
				4224329219180F3A00AF9488 /* GTMOAuth2Authentication.m in Sources */,
				422432FB1918114800AF9488 /* GTLRuntimeCommon.m in Sources */,
			);
			runOnlyForDeploymentPostprocessing = 0;
		};
		42A5424F1917E33500D34B1D /* Sources */ = {
			isa = PBXSourcesBuildPhase;
			buildActionMask = 2147483647;
			files = (
				42A542611917E33500D34B1D /* Book_RoomTests.m in Sources */,
			);
			runOnlyForDeploymentPostprocessing = 0;
		};
/* End PBXSourcesBuildPhase section */

/* Begin PBXTargetDependency section */
		42A542591917E33500D34B1D /* PBXTargetDependency */ = {
			isa = PBXTargetDependency;
			target = 42A542311917E33500D34B1D /* Book Room */;
			targetProxy = 42A542581917E33500D34B1D /* PBXContainerItemProxy */;
		};
/* End PBXTargetDependency section */

/* Begin PBXVariantGroup section */
		42A5423E1917E33500D34B1D /* InfoPlist.strings */ = {
			isa = PBXVariantGroup;
			children = (
				42A5423F1917E33500D34B1D /* en */,
			);
			name = InfoPlist.strings;
			sourceTree = "<group>";
		};
		42A542471917E33500D34B1D /* Main.storyboard */ = {
			isa = PBXVariantGroup;
			children = (
				42A542481917E33500D34B1D /* Base */,
			);
			name = Main.storyboard;
			sourceTree = "<group>";
		};
		42A5425D1917E33500D34B1D /* InfoPlist.strings */ = {
			isa = PBXVariantGroup;
			children = (
				42A5425E1917E33500D34B1D /* en */,
			);
			name = InfoPlist.strings;
			sourceTree = "<group>";
		};
/* End PBXVariantGroup section */

/* Begin XCBuildConfiguration section */
		42A542621917E33500D34B1D /* Debug */ = {
			isa = XCBuildConfiguration;
			buildSettings = {
				ALWAYS_SEARCH_USER_PATHS = NO;
				CLANG_CXX_LANGUAGE_STANDARD = "gnu++0x";
				CLANG_CXX_LIBRARY = "libc++";
				CLANG_ENABLE_MODULES = YES;
				CLANG_ENABLE_OBJC_ARC = YES;
				CLANG_WARN_BOOL_CONVERSION = YES;
				CLANG_WARN_CONSTANT_CONVERSION = YES;
				CLANG_WARN_DIRECT_OBJC_ISA_USAGE = YES_ERROR;
				CLANG_WARN_EMPTY_BODY = YES;
				CLANG_WARN_ENUM_CONVERSION = YES;
				CLANG_WARN_INT_CONVERSION = YES;
				CLANG_WARN_OBJC_ROOT_CLASS = YES_ERROR;
				CLANG_WARN__DUPLICATE_METHOD_MATCH = YES;
				"CODE_SIGN_IDENTITY[sdk=iphoneos*]" = "iPhone Developer";
				COPY_PHASE_STRIP = NO;
				GCC_C_LANGUAGE_STANDARD = gnu99;
				GCC_DYNAMIC_NO_PIC = NO;
				GCC_OPTIMIZATION_LEVEL = 0;
				GCC_PREPROCESSOR_DEFINITIONS = (
					"DEBUG=1",
					"$(inherited)",
				);
				GCC_SYMBOLS_PRIVATE_EXTERN = NO;
				GCC_WARN_64_TO_32_BIT_CONVERSION = YES;
				GCC_WARN_ABOUT_RETURN_TYPE = YES_ERROR;
				GCC_WARN_UNDECLARED_SELECTOR = YES;
				GCC_WARN_UNINITIALIZED_AUTOS = YES_AGGRESSIVE;
				GCC_WARN_UNUSED_FUNCTION = YES;
				GCC_WARN_UNUSED_VARIABLE = YES;
				IPHONEOS_DEPLOYMENT_TARGET = 7.1;
				ONLY_ACTIVE_ARCH = YES;
				SDKROOT = iphoneos;
			};
			name = Debug;
		};
		42A542631917E33500D34B1D /* Release */ = {
			isa = XCBuildConfiguration;
			buildSettings = {
				ALWAYS_SEARCH_USER_PATHS = NO;
				CLANG_CXX_LANGUAGE_STANDARD = "gnu++0x";
				CLANG_CXX_LIBRARY = "libc++";
				CLANG_ENABLE_MODULES = YES;
				CLANG_ENABLE_OBJC_ARC = YES;
				CLANG_WARN_BOOL_CONVERSION = YES;
				CLANG_WARN_CONSTANT_CONVERSION = YES;
				CLANG_WARN_DIRECT_OBJC_ISA_USAGE = YES_ERROR;
				CLANG_WARN_EMPTY_BODY = YES;
				CLANG_WARN_ENUM_CONVERSION = YES;
				CLANG_WARN_INT_CONVERSION = YES;
				CLANG_WARN_OBJC_ROOT_CLASS = YES_ERROR;
				CLANG_WARN__DUPLICATE_METHOD_MATCH = YES;
				"CODE_SIGN_IDENTITY[sdk=iphoneos*]" = "iPhone Developer";
				COPY_PHASE_STRIP = YES;
				ENABLE_NS_ASSERTIONS = NO;
				GCC_C_LANGUAGE_STANDARD = gnu99;
				GCC_WARN_64_TO_32_BIT_CONVERSION = YES;
				GCC_WARN_ABOUT_RETURN_TYPE = YES_ERROR;
				GCC_WARN_UNDECLARED_SELECTOR = YES;
				GCC_WARN_UNINITIALIZED_AUTOS = YES_AGGRESSIVE;
				GCC_WARN_UNUSED_FUNCTION = YES;
				GCC_WARN_UNUSED_VARIABLE = YES;
				IPHONEOS_DEPLOYMENT_TARGET = 7.1;
				SDKROOT = iphoneos;
				VALIDATE_PRODUCT = YES;
			};
			name = Release;
		};
		42A542651917E33500D34B1D /* Debug */ = {
			isa = XCBuildConfiguration;
			buildSettings = {
				ASSETCATALOG_COMPILER_APPICON_NAME = AppIcon;
				ASSETCATALOG_COMPILER_LAUNCHIMAGE_NAME = LaunchImage;
				GCC_PRECOMPILE_PREFIX_HEADER = YES;
				GCC_PREFIX_HEADER = "Book Room/Book Room-Prefix.pch";
				INFOPLIST_FILE = "Book Room/Book Room-Info.plist";
				PRODUCT_NAME = "$(TARGET_NAME)";
				WRAPPER_EXTENSION = app;
			};
			name = Debug;
		};
		42A542661917E33500D34B1D /* Release */ = {
			isa = XCBuildConfiguration;
			buildSettings = {
				ASSETCATALOG_COMPILER_APPICON_NAME = AppIcon;
				ASSETCATALOG_COMPILER_LAUNCHIMAGE_NAME = LaunchImage;
				GCC_PRECOMPILE_PREFIX_HEADER = YES;
				GCC_PREFIX_HEADER = "Book Room/Book Room-Prefix.pch";
				INFOPLIST_FILE = "Book Room/Book Room-Info.plist";
				PRODUCT_NAME = "$(TARGET_NAME)";
				WRAPPER_EXTENSION = app;
			};
			name = Release;
		};
		42A542681917E33500D34B1D /* Debug */ = {
			isa = XCBuildConfiguration;
			buildSettings = {
				BUNDLE_LOADER = "$(BUILT_PRODUCTS_DIR)/Book Room.app/Book Room";
				FRAMEWORK_SEARCH_PATHS = (
					"$(SDKROOT)/Developer/Library/Frameworks",
					"$(inherited)",
					"$(DEVELOPER_FRAMEWORKS_DIR)",
				);
				GCC_PRECOMPILE_PREFIX_HEADER = YES;
				GCC_PREFIX_HEADER = "Book Room/Book Room-Prefix.pch";
				GCC_PREPROCESSOR_DEFINITIONS = (
					"DEBUG=1",
					"$(inherited)",
				);
				INFOPLIST_FILE = "Book RoomTests/Book RoomTests-Info.plist";
				PRODUCT_NAME = "$(TARGET_NAME)";
				TEST_HOST = "$(BUNDLE_LOADER)";
				WRAPPER_EXTENSION = xctest;
			};
			name = Debug;
		};
		42A542691917E33500D34B1D /* Release */ = {
			isa = XCBuildConfiguration;
			buildSettings = {
				BUNDLE_LOADER = "$(BUILT_PRODUCTS_DIR)/Book Room.app/Book Room";
				FRAMEWORK_SEARCH_PATHS = (
					"$(SDKROOT)/Developer/Library/Frameworks",
					"$(inherited)",
					"$(DEVELOPER_FRAMEWORKS_DIR)",
				);
				GCC_PRECOMPILE_PREFIX_HEADER = YES;
				GCC_PREFIX_HEADER = "Book Room/Book Room-Prefix.pch";
				INFOPLIST_FILE = "Book RoomTests/Book RoomTests-Info.plist";
				PRODUCT_NAME = "$(TARGET_NAME)";
				TEST_HOST = "$(BUNDLE_LOADER)";
				WRAPPER_EXTENSION = xctest;
			};
			name = Release;
		};
/* End XCBuildConfiguration section */

/* Begin XCConfigurationList section */
		42A5422D1917E33500D34B1D /* Build configuration list for PBXProject "Book Room" */ = {
			isa = XCConfigurationList;
			buildConfigurations = (
				42A542621917E33500D34B1D /* Debug */,
				42A542631917E33500D34B1D /* Release */,
			);
			defaultConfigurationIsVisible = 0;
			defaultConfigurationName = Release;
		};
		42A542641917E33500D34B1D /* Build configuration list for PBXNativeTarget "Book Room" */ = {
			isa = XCConfigurationList;
			buildConfigurations = (
				42A542651917E33500D34B1D /* Debug */,
				42A542661917E33500D34B1D /* Release */,
			);
			defaultConfigurationIsVisible = 0;
			defaultConfigurationName = Release;
		};
		42A542671917E33500D34B1D /* Build configuration list for PBXNativeTarget "Book RoomTests" */ = {
			isa = XCConfigurationList;
			buildConfigurations = (
				42A542681917E33500D34B1D /* Debug */,
				42A542691917E33500D34B1D /* Release */,
			);
			defaultConfigurationIsVisible = 0;
			defaultConfigurationName = Release;
		};
/* End XCConfigurationList section */
	};
	rootObject = 42A5422A1917E33500D34B1D /* Project object */;
}
